// !$*UTF8*$!
{
	archiveVersion = 1;
	classes = {
	};
	objectVersion = 50;
	objects = {

/* Begin PBXBuildFile section */
		9F47844C2518A176008DB341 /* AppDelegate.m in Sources */ = {isa = PBXBuildFile; fileRef = 9F47844B2518A176008DB341 /* AppDelegate.m */; };
		9F47844F2518A176008DB341 /* SceneDelegate.m in Sources */ = {isa = PBXBuildFile; fileRef = 9F47844E2518A176008DB341 /* SceneDelegate.m */; };
		9F4784522518A176008DB341 /* ViewController.m in Sources */ = {isa = PBXBuildFile; fileRef = 9F4784512518A176008DB341 /* ViewController.m */; };
		9F4784552518A176008DB341 /* Main.storyboard in Resources */ = {isa = PBXBuildFile; fileRef = 9F4784532518A176008DB341 /* Main.storyboard */; };
		9F4784572518A178008DB341 /* Assets.xcassets in Resources */ = {isa = PBXBuildFile; fileRef = 9F4784562518A178008DB341 /* Assets.xcassets */; };
		9F47845A2518A178008DB341 /* LaunchScreen.storyboard in Resources */ = {isa = PBXBuildFile; fileRef = 9F4784582518A178008DB341 /* LaunchScreen.storyboard */; };
		9F47845D2518A178008DB341 /* main.m in Sources */ = {isa = PBXBuildFile; fileRef = 9F47845C2518A178008DB341 /* main.m */; };
		9F4784712518A194008DB341 /* SJBaseViewController.m in Sources */ = {isa = PBXBuildFile; fileRef = 9F4784652518A194008DB341 /* SJBaseViewController.m */; };
		9F4784722518A194008DB341 /* UIView+SJLayout.m in Sources */ = {isa = PBXBuildFile; fileRef = 9F4784672518A194008DB341 /* UIView+SJLayout.m */; };
		9F4784732518A194008DB341 /* 图片.png in Resources */ = {isa = PBXBuildFile; fileRef = 9F4784682518A194008DB341 /* 图片.png */; };
		9F4784742518A194008DB341 /* SJNavConfigSingle.m in Sources */ = {isa = PBXBuildFile; fileRef = 9F4784692518A194008DB341 /* SJNavConfigSingle.m */; };
		9F4784752518A194008DB341 /* SJBlack@3x.png in Resources */ = {isa = PBXBuildFile; fileRef = 9F47846A2518A194008DB341 /* SJBlack@3x.png */; };
		9F4784762518A194008DB341 /* SJNavConfig.m in Sources */ = {isa = PBXBuildFile; fileRef = 9F47846D2518A194008DB341 /* SJNavConfig.m */; };
		9F4784772518A194008DB341 /* SJWhite@3x.png in Resources */ = {isa = PBXBuildFile; fileRef = 9F47846F2518A194008DB341 /* SJWhite@3x.png */; };
/* End PBXBuildFile section */

/* Begin PBXFileReference section */
		9F4784472518A176008DB341 /* SJNavBar.app */ = {isa = PBXFileReference; explicitFileType = wrapper.application; includeInIndex = 0; path = SJNavBar.app; sourceTree = BUILT_PRODUCTS_DIR; };
		9F47844A2518A176008DB341 /* AppDelegate.h */ = {isa = PBXFileReference; lastKnownFileType = sourcecode.c.h; path = AppDelegate.h; sourceTree = "<group>"; };
		9F47844B2518A176008DB341 /* AppDelegate.m */ = {isa = PBXFileReference; lastKnownFileType = sourcecode.c.objc; path = AppDelegate.m; sourceTree = "<group>"; };
		9F47844D2518A176008DB341 /* SceneDelegate.h */ = {isa = PBXFileReference; lastKnownFileType = sourcecode.c.h; path = SceneDelegate.h; sourceTree = "<group>"; };
		9F47844E2518A176008DB341 /* SceneDelegate.m */ = {isa = PBXFileReference; lastKnownFileType = sourcecode.c.objc; path = SceneDelegate.m; sourceTree = "<group>"; };
		9F4784502518A176008DB341 /* ViewController.h */ = {isa = PBXFileReference; lastKnownFileType = sourcecode.c.h; path = ViewController.h; sourceTree = "<group>"; };
		9F4784512518A176008DB341 /* ViewController.m */ = {isa = PBXFileReference; lastKnownFileType = sourcecode.c.objc; path = ViewController.m; sourceTree = "<group>"; };
		9F4784542518A176008DB341 /* Base */ = {isa = PBXFileReference; lastKnownFileType = file.storyboard; name = Base; path = Base.lproj/Main.storyboard; sourceTree = "<group>"; };
		9F4784562518A178008DB341 /* Assets.xcassets */ = {isa = PBXFileReference; lastKnownFileType = folder.assetcatalog; path = Assets.xcassets; sourceTree = "<group>"; };
		9F4784592518A178008DB341 /* Base */ = {isa = PBXFileReference; lastKnownFileType = file.storyboard; name = Base; path = Base.lproj/LaunchScreen.storyboard; sourceTree = "<group>"; };
		9F47845B2518A178008DB341 /* Info.plist */ = {isa = PBXFileReference; lastKnownFileType = text.plist.xml; path = Info.plist; sourceTree = "<group>"; };
		9F47845C2518A178008DB341 /* main.m */ = {isa = PBXFileReference; lastKnownFileType = sourcecode.c.objc; path = main.m; sourceTree = "<group>"; };
		9F4784652518A194008DB341 /* SJBaseViewController.m */ = {isa = PBXFileReference; fileEncoding = 4; lastKnownFileType = sourcecode.c.objc; path = SJBaseViewController.m; sourceTree = "<group>"; };
		9F4784662518A194008DB341 /* SJNavConfig.h */ = {isa = PBXFileReference; fileEncoding = 4; lastKnownFileType = sourcecode.c.h; path = SJNavConfig.h; sourceTree = "<group>"; };
		9F4784672518A194008DB341 /* UIView+SJLayout.m */ = {isa = PBXFileReference; fileEncoding = 4; lastKnownFileType = sourcecode.c.objc; path = "UIView+SJLayout.m"; sourceTree = "<group>"; };
		9F4784682518A194008DB341 /* 图片.png */ = {isa = PBXFileReference; lastKnownFileType = image.png; path = "图片.png"; sourceTree = "<group>"; };
		9F4784692518A194008DB341 /* SJNavConfigSingle.m */ = {isa = PBXFileReference; fileEncoding = 4; lastKnownFileType = sourcecode.c.objc; path = SJNavConfigSingle.m; sourceTree = "<group>"; };
		9F47846A2518A194008DB341 /* SJBlack@3x.png */ = {isa = PBXFileReference; lastKnownFileType = image.png; path = "SJBlack@3x.png"; sourceTree = "<group>"; };
		9F47846B2518A194008DB341 /* SJBaseViewController.h */ = {isa = PBXFileReference; fileEncoding = 4; lastKnownFileType = sourcecode.c.h; path = SJBaseViewController.h; sourceTree = "<group>"; };
		9F47846C2518A194008DB341 /* UIView+SJLayout.h */ = {isa = PBXFileReference; fileEncoding = 4; lastKnownFileType = sourcecode.c.h; path = "UIView+SJLayout.h"; sourceTree = "<group>"; };
		9F47846D2518A194008DB341 /* SJNavConfig.m */ = {isa = PBXFileReference; fileEncoding = 4; lastKnownFileType = sourcecode.c.objc; path = SJNavConfig.m; sourceTree = "<group>"; };
		9F47846E2518A194008DB341 /* SJNavConfigSingle.h */ = {isa = PBXFileReference; fileEncoding = 4; lastKnownFileType = sourcecode.c.h; path = SJNavConfigSingle.h; sourceTree = "<group>"; };
		9F47846F2518A194008DB341 /* SJWhite@3x.png */ = {isa = PBXFileReference; lastKnownFileType = image.png; path = "SJWhite@3x.png"; sourceTree = "<group>"; };
		9F4784702518A194008DB341 /* SJNavBar.h */ = {isa = PBXFileReference; fileEncoding = 4; lastKnownFileType = sourcecode.c.h; path = SJNavBar.h; sourceTree = "<group>"; };
/* End PBXFileReference section */

/* Begin PBXFrameworksBuildPhase section */
		9F4784442518A176008DB341 /* Frameworks */ = {
			isa = PBXFrameworksBuildPhase;
			buildActionMask = 2147483647;
			files = (
			);
			runOnlyForDeploymentPostprocessing = 0;
		};
/* End PBXFrameworksBuildPhase section */

/* Begin PBXGroup section */
		9F47843E2518A176008DB341 = {
			isa = PBXGroup;
			children = (
				9F4784492518A176008DB341 /* SJNavBar */,
				9F4784482518A176008DB341 /* Products */,
			);
			sourceTree = "<group>";
		};
		9F4784482518A176008DB341 /* Products */ = {
			isa = PBXGroup;
			children = (
				9F4784472518A176008DB341 /* SJNavBar.app */,
			);
			name = Products;
			sourceTree = "<group>";
		};
		9F4784492518A176008DB341 /* SJNavBar */ = {
			isa = PBXGroup;
			children = (
				9F4784642518A194008DB341 /* SJNavBar */,
				9F47844A2518A176008DB341 /* AppDelegate.h */,
				9F47844B2518A176008DB341 /* AppDelegate.m */,
				9F47844D2518A176008DB341 /* SceneDelegate.h */,
				9F47844E2518A176008DB341 /* SceneDelegate.m */,
				9F4784502518A176008DB341 /* ViewController.h */,
				9F4784512518A176008DB341 /* ViewController.m */,
				9F4784532518A176008DB341 /* Main.storyboard */,
				9F4784562518A178008DB341 /* Assets.xcassets */,
				9F4784582518A178008DB341 /* LaunchScreen.storyboard */,
				9F47845B2518A178008DB341 /* Info.plist */,
				9F47845C2518A178008DB341 /* main.m */,
			);
			path = SJNavBar;
			sourceTree = "<group>";
		};
		9F4784642518A194008DB341 /* SJNavBar */ = {
			isa = PBXGroup;
			children = (
				9F4784652518A194008DB341 /* SJBaseViewController.m */,
				9F4784662518A194008DB341 /* SJNavConfig.h */,
				9F4784672518A194008DB341 /* UIView+SJLayout.m */,
				9F4784682518A194008DB341 /* 图片.png */,
				9F4784692518A194008DB341 /* SJNavConfigSingle.m */,
				9F47846A2518A194008DB341 /* SJBlack@3x.png */,
				9F47846B2518A194008DB341 /* SJBaseViewController.h */,
				9F47846C2518A194008DB341 /* UIView+SJLayout.h */,
				9F47846D2518A194008DB341 /* SJNavConfig.m */,
				9F47846E2518A194008DB341 /* SJNavConfigSingle.h */,
				9F47846F2518A194008DB341 /* SJWhite@3x.png */,
				9F4784702518A194008DB341 /* SJNavBar.h */,
			);
			path = SJNavBar;
			sourceTree = "<group>";
		};
/* End PBXGroup section */

/* Begin PBXNativeTarget section */
		9F4784462518A176008DB341 /* SJNavBar */ = {
			isa = PBXNativeTarget;
			buildConfigurationList = 9F4784602518A178008DB341 /* Build configuration list for PBXNativeTarget "SJNavBar" */;
			buildPhases = (
				9F4784432518A176008DB341 /* Sources */,
				9F4784442518A176008DB341 /* Frameworks */,
				9F4784452518A176008DB341 /* Resources */,
			);
			buildRules = (
			);
			dependencies = (
			);
			name = SJNavBar;
			productName = SJNavBar;
			productReference = 9F4784472518A176008DB341 /* SJNavBar.app */;
			productType = "com.apple.product-type.application";
		};
/* End PBXNativeTarget section */

/* Begin PBXProject section */
		9F47843F2518A176008DB341 /* Project object */ = {
			isa = PBXProject;
			attributes = {
				LastUpgradeCheck = 1200;
				TargetAttributes = {
					9F4784462518A176008DB341 = {
						CreatedOnToolsVersion = 12.0;
					};
				};
			};
			buildConfigurationList = 9F4784422518A176008DB341 /* Build configuration list for PBXProject "SJNavBar" */;
			compatibilityVersion = "Xcode 9.3";
			developmentRegion = en;
			hasScannedForEncodings = 0;
			knownRegions = (
				en,
				Base,
			);
			mainGroup = 9F47843E2518A176008DB341;
			productRefGroup = 9F4784482518A176008DB341 /* Products */;
			projectDirPath = "";
			projectRoot = "";
			targets = (
				9F4784462518A176008DB341 /* SJNavBar */,
			);
		};
/* End PBXProject section */

/* Begin PBXResourcesBuildPhase section */
		9F4784452518A176008DB341 /* Resources */ = {
			isa = PBXResourcesBuildPhase;
			buildActionMask = 2147483647;
			files = (
				9F47845A2518A178008DB341 /* LaunchScreen.storyboard in Resources */,
				9F4784572518A178008DB341 /* Assets.xcassets in Resources */,
				9F4784772518A194008DB341 /* SJWhite@3x.png in Resources */,
				9F4784732518A194008DB341 /* 图片.png in Resources */,
				9F4784752518A194008DB341 /* SJBlack@3x.png in Resources */,
				9F4784552518A176008DB341 /* Main.storyboard in Resources */,
			);
			runOnlyForDeploymentPostprocessing = 0;
		};
/* End PBXResourcesBuildPhase section */

/* Begin PBXSourcesBuildPhase section */
		9F4784432518A176008DB341 /* Sources */ = {
			isa = PBXSourcesBuildPhase;
			buildActionMask = 2147483647;
			files = (
				9F4784762518A194008DB341 /* SJNavConfig.m in Sources */,
				9F4784522518A176008DB341 /* ViewController.m in Sources */,
				9F4784722518A194008DB341 /* UIView+SJLayout.m in Sources */,
				9F4784712518A194008DB341 /* SJBaseViewController.m in Sources */,
				9F4784742518A194008DB341 /* SJNavConfigSingle.m in Sources */,
				9F47844C2518A176008DB341 /* AppDelegate.m in Sources */,
				9F47845D2518A178008DB341 /* main.m in Sources */,
				9F47844F2518A176008DB341 /* SceneDelegate.m in Sources */,
			);
			runOnlyForDeploymentPostprocessing = 0;
		};
/* End PBXSourcesBuildPhase section */

/* Begin PBXVariantGroup section */
		9F4784532518A176008DB341 /* Main.storyboard */ = {
			isa = PBXVariantGroup;
			children = (
				9F4784542518A176008DB341 /* Base */,
			);
			name = Main.storyboard;
			sourceTree = "<group>";
		};
		9F4784582518A178008DB341 /* LaunchScreen.storyboard */ = {
			isa = PBXVariantGroup;
			children = (
				9F4784592518A178008DB341 /* Base */,
			);
			name = LaunchScreen.storyboard;
			sourceTree = "<group>";
		};
/* End PBXVariantGroup section */

/* Begin XCBuildConfiguration section */
		9F47845E2518A178008DB341 /* Debug */ = {
			isa = XCBuildConfiguration;
			buildSettings = {
				ALWAYS_SEARCH_USER_PATHS = NO;
				CLANG_ANALYZER_NONNULL = YES;
				CLANG_ANALYZER_NUMBER_OBJECT_CONVERSION = YES_AGGRESSIVE;
				CLANG_CXX_LANGUAGE_STANDARD = "gnu++14";
				CLANG_CXX_LIBRARY = "libc++";
				CLANG_ENABLE_MODULES = YES;
				CLANG_ENABLE_OBJC_ARC = YES;
				CLANG_ENABLE_OBJC_WEAK = YES;
				CLANG_WARN_BLOCK_CAPTURE_AUTORELEASING = YES;
				CLANG_WARN_BOOL_CONVERSION = YES;
				CLANG_WARN_COMMA = YES;
				CLANG_WARN_CONSTANT_CONVERSION = YES;
				CLANG_WARN_DEPRECATED_OBJC_IMPLEMENTATIONS = YES;
				CLANG_WARN_DIRECT_OBJC_ISA_USAGE = YES_ERROR;
				CLANG_WARN_DOCUMENTATION_COMMENTS = YES;
				CLANG_WARN_EMPTY_BODY = YES;
				CLANG_WARN_ENUM_CONVERSION = YES;
				CLANG_WARN_INFINITE_RECURSION = YES;
				CLANG_WARN_INT_CONVERSION = YES;
				CLANG_WARN_NON_LITERAL_NULL_CONVERSION = YES;
				CLANG_WARN_OBJC_IMPLICIT_RETAIN_SELF = YES;
				CLANG_WARN_OBJC_LITERAL_CONVERSION = YES;
				CLANG_WARN_OBJC_ROOT_CLASS = YES_ERROR;
				CLANG_WARN_QUOTED_INCLUDE_IN_FRAMEWORK_HEADER = YES;
				CLANG_WARN_RANGE_LOOP_ANALYSIS = YES;
				CLANG_WARN_STRICT_PROTOTYPES = YES;
				CLANG_WARN_SUSPICIOUS_MOVE = YES;
				CLANG_WARN_UNGUARDED_AVAILABILITY = YES_AGGRESSIVE;
				CLANG_WARN_UNREACHABLE_CODE = YES;
				CLANG_WARN__DUPLICATE_METHOD_MATCH = YES;
				COPY_PHASE_STRIP = NO;
				DEBUG_INFORMATION_FORMAT = dwarf;
				ENABLE_STRICT_OBJC_MSGSEND = YES;
				ENABLE_TESTABILITY = YES;
				GCC_C_LANGUAGE_STANDARD = gnu11;
				GCC_DYNAMIC_NO_PIC = NO;
				GCC_NO_COMMON_BLOCKS = YES;
				GCC_OPTIMIZATION_LEVEL = 0;
				GCC_PREPROCESSOR_DEFINITIONS = (
					"DEBUG=1",
					"$(inherited)",
				);
				GCC_WARN_64_TO_32_BIT_CONVERSION = YES;
				GCC_WARN_ABOUT_RETURN_TYPE = YES_ERROR;
				GCC_WARN_UNDECLARED_SELECTOR = YES;
				GCC_WARN_UNINITIALIZED_AUTOS = YES_AGGRESSIVE;
				GCC_WARN_UNUSED_FUNCTION = YES;
				GCC_WARN_UNUSED_VARIABLE = YES;
				IPHONEOS_DEPLOYMENT_TARGET = 14.0;
				MTL_ENABLE_DEBUG_INFO = INCLUDE_SOURCE;
				MTL_FAST_MATH = YES;
				ONLY_ACTIVE_ARCH = YES;
				SDKROOT = iphoneos;
			};
			name = Debug;
		};
		9F47845F2518A178008DB341 /* Release */ = {
			isa = XCBuildConfiguration;
			buildSettings = {
				ALWAYS_SEARCH_USER_PATHS = NO;
				CLANG_ANALYZER_NONNULL = YES;
				CLANG_ANALYZER_NUMBER_OBJECT_CONVERSION = YES_AGGRESSIVE;
				CLANG_CXX_LANGUAGE_STANDARD = "gnu++14";
				CLANG_CXX_LIBRARY = "libc++";
				CLANG_ENABLE_MODULES = YES;
				CLANG_ENABLE_OBJC_ARC = YES;
				CLANG_ENABLE_OBJC_WEAK = YES;
				CLANG_WARN_BLOCK_CAPTURE_AUTORELEASING = YES;
				CLANG_WARN_BOOL_CONVERSION = YES;
				CLANG_WARN_COMMA = YES;
				CLANG_WARN_CONSTANT_CONVERSION = YES;
				CLANG_WARN_DEPRECATED_OBJC_IMPLEMENTATIONS = YES;
				CLANG_WARN_DIRECT_OBJC_ISA_USAGE = YES_ERROR;
				CLANG_WARN_DOCUMENTATION_COMMENTS = YES;
				CLANG_WARN_EMPTY_BODY = YES;
				CLANG_WARN_ENUM_CONVERSION = YES;
				CLANG_WARN_INFINITE_RECURSION = YES;
				CLANG_WARN_INT_CONVERSION = YES;
				CLANG_WARN_NON_LITERAL_NULL_CONVERSION = YES;
				CLANG_WARN_OBJC_IMPLICIT_RETAIN_SELF = YES;
				CLANG_WARN_OBJC_LITERAL_CONVERSION = YES;
				CLANG_WARN_OBJC_ROOT_CLASS = YES_ERROR;
				CLANG_WARN_QUOTED_INCLUDE_IN_FRAMEWORK_HEADER = YES;
				CLANG_WARN_RANGE_LOOP_ANALYSIS = YES;
				CLANG_WARN_STRICT_PROTOTYPES = YES;
				CLANG_WARN_SUSPICIOUS_MOVE = YES;
				CLANG_WARN_UNGUARDED_AVAILABILITY = YES_AGGRESSIVE;
				CLANG_WARN_UNREACHABLE_CODE = YES;
				CLANG_WARN__DUPLICATE_METHOD_MATCH = YES;
				COPY_PHASE_STRIP = NO;
				DEBUG_INFORMATION_FORMAT = "dwarf-with-dsym";
				ENABLE_NS_ASSERTIONS = NO;
				ENABLE_STRICT_OBJC_MSGSEND = YES;
				GCC_C_LANGUAGE_STANDARD = gnu11;
				GCC_NO_COMMON_BLOCKS = YES;
				GCC_WARN_64_TO_32_BIT_CONVERSION = YES;
				GCC_WARN_ABOUT_RETURN_TYPE = YES_ERROR;
				GCC_WARN_UNDECLARED_SELECTOR = YES;
				GCC_WARN_UNINITIALIZED_AUTOS = YES_AGGRESSIVE;
				GCC_WARN_UNUSED_FUNCTION = YES;
				GCC_WARN_UNUSED_VARIABLE = YES;
				IPHONEOS_DEPLOYMENT_TARGET = 14.0;
				MTL_ENABLE_DEBUG_INFO = NO;
				MTL_FAST_MATH = YES;
				SDKROOT = iphoneos;
				VALIDATE_PRODUCT = YES;
			};
			name = Release;
		};
		9F4784612518A178008DB341 /* Debug */ = {
			isa = XCBuildConfiguration;
			buildSettings = {
				ASSETCATALOG_COMPILER_APPICON_NAME = AppIcon;
				ASSETCATALOG_COMPILER_GLOBAL_ACCENT_COLOR_NAME = AccentColor;
				CODE_SIGN_STYLE = Automatic;
				DEVELOPMENT_TEAM = NPKT2Q9UUK;
				INFOPLIST_FILE = SJNavBar/Info.plist;
				LD_RUNPATH_SEARCH_PATHS = (
					"$(inherited)",
					"@executable_path/Frameworks",
				);
				PRODUCT_BUNDLE_IDENTIFIER = com.shenjun.SJNavBar;
				PRODUCT_NAME = "$(TARGET_NAME)";
				TARGETED_DEVICE_FAMILY = "1,2";
			};
			name = Debug;
		};
		9F4784622518A178008DB341 /* Release */ = {
			isa = XCBuildConfiguration;
			buildSettings = {
				ASSETCATALOG_COMPILER_APPICON_NAME = AppIcon;
				ASSETCATALOG_COMPILER_GLOBAL_ACCENT_COLOR_NAME = AccentColor;
				CODE_SIGN_STYLE = Automatic;
				DEVELOPMENT_TEAM = NPKT2Q9UUK;
				INFOPLIST_FILE = SJNavBar/Info.plist;
				LD_RUNPATH_SEARCH_PATHS = (
					"$(inherited)",
					"@executable_path/Frameworks",
				);
				PRODUCT_BUNDLE_IDENTIFIER = com.shenjun.SJNavBar;
				PRODUCT_NAME = "$(TARGET_NAME)";
				TARGETED_DEVICE_FAMILY = "1,2";
			};
			name = Release;
		};
/* End XCBuildConfiguration section */

/* Begin XCConfigurationList section */
		9F4784422518A176008DB341 /* Build configuration list for PBXProject "SJNavBar" */ = {
			isa = XCConfigurationList;
			buildConfigurations = (
				9F47845E2518A178008DB341 /* Debug */,
				9F47845F2518A178008DB341 /* Release */,
			);
			defaultConfigurationIsVisible = 0;
			defaultConfigurationName = Release;
		};
		9F4784602518A178008DB341 /* Build configuration list for PBXNativeTarget "SJNavBar" */ = {
			isa = XCConfigurationList;
			buildConfigurations = (
				9F4784612518A178008DB341 /* Debug */,
				9F4784622518A178008DB341 /* Release */,
			);
			defaultConfigurationIsVisible = 0;
			defaultConfigurationName = Release;
		};
/* End XCConfigurationList section */
	};
	rootObject = 9F47843F2518A176008DB341 /* Project object */;
}
