// !$*UTF8*$!
{
	archiveVersion = 1;
	classes = {
	};
	objectVersion = 50;
	objects = {

/* Begin PBXBuildFile section */
		9F7E156424EE2021008DC681 /* AppDelegate.m in Sources */ = {isa = PBXBuildFile; fileRef = 9F7E156324EE2021008DC681 /* AppDelegate.m */; };
		9F7E156724EE2021008DC681 /* SceneDelegate.m in Sources */ = {isa = PBXBuildFile; fileRef = 9F7E156624EE2021008DC681 /* SceneDelegate.m */; };
		9F7E156A24EE2021008DC681 /* ViewController.m in Sources */ = {isa = PBXBuildFile; fileRef = 9F7E156924EE2021008DC681 /* ViewController.m */; };
		9F7E156D24EE2021008DC681 /* Main.storyboard in Resources */ = {isa = PBXBuildFile; fileRef = 9F7E156B24EE2021008DC681 /* Main.storyboard */; };
		9F7E156F24EE2023008DC681 /* Assets.xcassets in Resources */ = {isa = PBXBuildFile; fileRef = 9F7E156E24EE2023008DC681 /* Assets.xcassets */; };
		9F7E157224EE2023008DC681 /* LaunchScreen.storyboard in Resources */ = {isa = PBXBuildFile; fileRef = 9F7E157024EE2023008DC681 /* LaunchScreen.storyboard */; };
		9F7E157524EE2023008DC681 /* main.m in Sources */ = {isa = PBXBuildFile; fileRef = 9F7E157424EE2023008DC681 /* main.m */; };
		9F7E157F24EE2023008DC681 /* SJNavBarTests.m in Sources */ = {isa = PBXBuildFile; fileRef = 9F7E157E24EE2023008DC681 /* SJNavBarTests.m */; };
		9F7E158A24EE2023008DC681 /* SJNavBarUITests.m in Sources */ = {isa = PBXBuildFile; fileRef = 9F7E158924EE2023008DC681 /* SJNavBarUITests.m */; };
/* End PBXBuildFile section */

/* Begin PBXContainerItemProxy section */
		9F7E157B24EE2023008DC681 /* PBXContainerItemProxy */ = {
			isa = PBXContainerItemProxy;
			containerPortal = 9F7E155724EE2021008DC681 /* Project object */;
			proxyType = 1;
			remoteGlobalIDString = 9F7E155E24EE2021008DC681;
			remoteInfo = SJNavBar;
		};
		9F7E158624EE2023008DC681 /* PBXContainerItemProxy */ = {
			isa = PBXContainerItemProxy;
			containerPortal = 9F7E155724EE2021008DC681 /* Project object */;
			proxyType = 1;
			remoteGlobalIDString = 9F7E155E24EE2021008DC681;
			remoteInfo = SJNavBar;
		};
/* End PBXContainerItemProxy section */

/* Begin PBXFileReference section */
		9F7E155F24EE2021008DC681 /* SJNavBar.app */ = {isa = PBXFileReference; explicitFileType = wrapper.application; includeInIndex = 0; path = SJNavBar.app; sourceTree = BUILT_PRODUCTS_DIR; };
		9F7E156224EE2021008DC681 /* AppDelegate.h */ = {isa = PBXFileReference; lastKnownFileType = sourcecode.c.h; path = AppDelegate.h; sourceTree = "<group>"; };
		9F7E156324EE2021008DC681 /* AppDelegate.m */ = {isa = PBXFileReference; lastKnownFileType = sourcecode.c.objc; path = AppDelegate.m; sourceTree = "<group>"; };
		9F7E156524EE2021008DC681 /* SceneDelegate.h */ = {isa = PBXFileReference; lastKnownFileType = sourcecode.c.h; path = SceneDelegate.h; sourceTree = "<group>"; };
		9F7E156624EE2021008DC681 /* SceneDelegate.m */ = {isa = PBXFileReference; lastKnownFileType = sourcecode.c.objc; path = SceneDelegate.m; sourceTree = "<group>"; };
		9F7E156824EE2021008DC681 /* ViewController.h */ = {isa = PBXFileReference; lastKnownFileType = sourcecode.c.h; path = ViewController.h; sourceTree = "<group>"; };
		9F7E156924EE2021008DC681 /* ViewController.m */ = {isa = PBXFileReference; lastKnownFileType = sourcecode.c.objc; path = ViewController.m; sourceTree = "<group>"; };
		9F7E156C24EE2021008DC681 /* Base */ = {isa = PBXFileReference; lastKnownFileType = file.storyboard; name = Base; path = Base.lproj/Main.storyboard; sourceTree = "<group>"; };
		9F7E156E24EE2023008DC681 /* Assets.xcassets */ = {isa = PBXFileReference; lastKnownFileType = folder.assetcatalog; path = Assets.xcassets; sourceTree = "<group>"; };
		9F7E157124EE2023008DC681 /* Base */ = {isa = PBXFileReference; lastKnownFileType = file.storyboard; name = Base; path = Base.lproj/LaunchScreen.storyboard; sourceTree = "<group>"; };
		9F7E157324EE2023008DC681 /* Info.plist */ = {isa = PBXFileReference; lastKnownFileType = text.plist.xml; path = Info.plist; sourceTree = "<group>"; };
		9F7E157424EE2023008DC681 /* main.m */ = {isa = PBXFileReference; lastKnownFileType = sourcecode.c.objc; path = main.m; sourceTree = "<group>"; };
		9F7E157A24EE2023008DC681 /* SJNavBarTests.xctest */ = {isa = PBXFileReference; explicitFileType = wrapper.cfbundle; includeInIndex = 0; path = SJNavBarTests.xctest; sourceTree = BUILT_PRODUCTS_DIR; };
		9F7E157E24EE2023008DC681 /* SJNavBarTests.m */ = {isa = PBXFileReference; lastKnownFileType = sourcecode.c.objc; path = SJNavBarTests.m; sourceTree = "<group>"; };
		9F7E158024EE2023008DC681 /* Info.plist */ = {isa = PBXFileReference; lastKnownFileType = text.plist.xml; path = Info.plist; sourceTree = "<group>"; };
		9F7E158524EE2023008DC681 /* SJNavBarUITests.xctest */ = {isa = PBXFileReference; explicitFileType = wrapper.cfbundle; includeInIndex = 0; path = SJNavBarUITests.xctest; sourceTree = BUILT_PRODUCTS_DIR; };
		9F7E158924EE2023008DC681 /* SJNavBarUITests.m */ = {isa = PBXFileReference; lastKnownFileType = sourcecode.c.objc; path = SJNavBarUITests.m; sourceTree = "<group>"; };
		9F7E158B24EE2023008DC681 /* Info.plist */ = {isa = PBXFileReference; lastKnownFileType = text.plist.xml; path = Info.plist; sourceTree = "<group>"; };
		9F7E159A24EE2059008DC681 /* SJNavBar.h */ = {isa = PBXFileReference; fileEncoding = 4; lastKnownFileType = sourcecode.c.h; path = SJNavBar.h; sourceTree = "<group>"; };
/* End PBXFileReference section */

/* Begin PBXFrameworksBuildPhase section */
		9F7E155C24EE2021008DC681 /* Frameworks */ = {
			isa = PBXFrameworksBuildPhase;
			buildActionMask = 2147483647;
			files = (
			);
			runOnlyForDeploymentPostprocessing = 0;
		};
		9F7E157724EE2023008DC681 /* Frameworks */ = {
			isa = PBXFrameworksBuildPhase;
			buildActionMask = 2147483647;
			files = (
			);
			runOnlyForDeploymentPostprocessing = 0;
		};
		9F7E158224EE2023008DC681 /* Frameworks */ = {
			isa = PBXFrameworksBuildPhase;
			buildActionMask = 2147483647;
			files = (
			);
			runOnlyForDeploymentPostprocessing = 0;
		};
/* End PBXFrameworksBuildPhase section */

/* Begin PBXGroup section */
		9F7E155624EE2021008DC681 = {
			isa = PBXGroup;
			children = (
				9F7E156124EE2021008DC681 /* SJNavBar */,
				9F7E157D24EE2023008DC681 /* SJNavBarTests */,
				9F7E158824EE2023008DC681 /* SJNavBarUITests */,
				9F7E156024EE2021008DC681 /* Products */,
			);
			sourceTree = "<group>";
		};
		9F7E156024EE2021008DC681 /* Products */ = {
			isa = PBXGroup;
			children = (
				9F7E155F24EE2021008DC681 /* SJNavBar.app */,
				9F7E157A24EE2023008DC681 /* SJNavBarTests.xctest */,
				9F7E158524EE2023008DC681 /* SJNavBarUITests.xctest */,
			);
			name = Products;
			sourceTree = "<group>";
		};
		9F7E156124EE2021008DC681 /* SJNavBar */ = {
			isa = PBXGroup;
			children = (
				9F7E159924EE2059008DC681 /* SJNavBar */,
				9F7E156224EE2021008DC681 /* AppDelegate.h */,
				9F7E156324EE2021008DC681 /* AppDelegate.m */,
				9F7E156524EE2021008DC681 /* SceneDelegate.h */,
				9F7E156624EE2021008DC681 /* SceneDelegate.m */,
				9F7E156824EE2021008DC681 /* ViewController.h */,
				9F7E156924EE2021008DC681 /* ViewController.m */,
				9F7E156B24EE2021008DC681 /* Main.storyboard */,
				9F7E156E24EE2023008DC681 /* Assets.xcassets */,
				9F7E157024EE2023008DC681 /* LaunchScreen.storyboard */,
				9F7E157324EE2023008DC681 /* Info.plist */,
				9F7E157424EE2023008DC681 /* main.m */,
			);
			path = SJNavBar;
			sourceTree = "<group>";
		};
		9F7E157D24EE2023008DC681 /* SJNavBarTests */ = {
			isa = PBXGroup;
			children = (
				9F7E157E24EE2023008DC681 /* SJNavBarTests.m */,
				9F7E158024EE2023008DC681 /* Info.plist */,
			);
			path = SJNavBarTests;
			sourceTree = "<group>";
		};
		9F7E158824EE2023008DC681 /* SJNavBarUITests */ = {
			isa = PBXGroup;
			children = (
				9F7E158924EE2023008DC681 /* SJNavBarUITests.m */,
				9F7E158B24EE2023008DC681 /* Info.plist */,
			);
			path = SJNavBarUITests;
			sourceTree = "<group>";
		};
		9F7E159924EE2059008DC681 /* SJNavBar */ = {
			isa = PBXGroup;
			children = (
				9F7E159A24EE2059008DC681 /* SJNavBar.h */,
			);
			path = SJNavBar;
			sourceTree = "<group>";
		};
/* End PBXGroup section */

/* Begin PBXNativeTarget section */
		9F7E155E24EE2021008DC681 /* SJNavBar */ = {
			isa = PBXNativeTarget;
			buildConfigurationList = 9F7E158E24EE2024008DC681 /* Build configuration list for PBXNativeTarget "SJNavBar" */;
			buildPhases = (
				9F7E155B24EE2021008DC681 /* Sources */,
				9F7E155C24EE2021008DC681 /* Frameworks */,
				9F7E155D24EE2021008DC681 /* Resources */,
			);
			buildRules = (
			);
			dependencies = (
			);
			name = SJNavBar;
			productName = SJNavBar;
			productReference = 9F7E155F24EE2021008DC681 /* SJNavBar.app */;
			productType = "com.apple.product-type.application";
		};
		9F7E157924EE2023008DC681 /* SJNavBarTests */ = {
			isa = PBXNativeTarget;
			buildConfigurationList = 9F7E159124EE2024008DC681 /* Build configuration list for PBXNativeTarget "SJNavBarTests" */;
			buildPhases = (
				9F7E157624EE2023008DC681 /* Sources */,
				9F7E157724EE2023008DC681 /* Frameworks */,
				9F7E157824EE2023008DC681 /* Resources */,
			);
			buildRules = (
			);
			dependencies = (
				9F7E157C24EE2023008DC681 /* PBXTargetDependency */,
			);
			name = SJNavBarTests;
			productName = SJNavBarTests;
			productReference = 9F7E157A24EE2023008DC681 /* SJNavBarTests.xctest */;
			productType = "com.apple.product-type.bundle.unit-test";
		};
		9F7E158424EE2023008DC681 /* SJNavBarUITests */ = {
			isa = PBXNativeTarget;
			buildConfigurationList = 9F7E159424EE2024008DC681 /* Build configuration list for PBXNativeTarget "SJNavBarUITests" */;
			buildPhases = (
				9F7E158124EE2023008DC681 /* Sources */,
				9F7E158224EE2023008DC681 /* Frameworks */,
				9F7E158324EE2023008DC681 /* Resources */,
			);
			buildRules = (
			);
			dependencies = (
				9F7E158724EE2023008DC681 /* PBXTargetDependency */,
			);
			name = SJNavBarUITests;
			productName = SJNavBarUITests;
			productReference = 9F7E158524EE2023008DC681 /* SJNavBarUITests.xctest */;
			productType = "com.apple.product-type.bundle.ui-testing";
		};
/* End PBXNativeTarget section */

/* Begin PBXProject section */
		9F7E155724EE2021008DC681 /* Project object */ = {
			isa = PBXProject;
			attributes = {
				LastUpgradeCheck = 1160;
				ORGANIZATIONNAME = "沈骏";
				TargetAttributes = {
					9F7E155E24EE2021008DC681 = {
						CreatedOnToolsVersion = 11.6;
					};
					9F7E157924EE2023008DC681 = {
						CreatedOnToolsVersion = 11.6;
						TestTargetID = 9F7E155E24EE2021008DC681;
					};
					9F7E158424EE2023008DC681 = {
						CreatedOnToolsVersion = 11.6;
						TestTargetID = 9F7E155E24EE2021008DC681;
					};
				};
			};
			buildConfigurationList = 9F7E155A24EE2021008DC681 /* Build configuration list for PBXProject "SJNavBar" */;
			compatibilityVersion = "Xcode 9.3";
			developmentRegion = en;
			hasScannedForEncodings = 0;
			knownRegions = (
				en,
				Base,
			);
			mainGroup = 9F7E155624EE2021008DC681;
			productRefGroup = 9F7E156024EE2021008DC681 /* Products */;
			projectDirPath = "";
			projectRoot = "";
			targets = (
				9F7E155E24EE2021008DC681 /* SJNavBar */,
				9F7E157924EE2023008DC681 /* SJNavBarTests */,
				9F7E158424EE2023008DC681 /* SJNavBarUITests */,
			);
		};
/* End PBXProject section */

/* Begin PBXResourcesBuildPhase section */
		9F7E155D24EE2021008DC681 /* Resources */ = {
			isa = PBXResourcesBuildPhase;
			buildActionMask = 2147483647;
			files = (
				9F7E157224EE2023008DC681 /* LaunchScreen.storyboard in Resources */,
				9F7E156F24EE2023008DC681 /* Assets.xcassets in Resources */,
				9F7E156D24EE2021008DC681 /* Main.storyboard in Resources */,
			);
			runOnlyForDeploymentPostprocessing = 0;
		};
		9F7E157824EE2023008DC681 /* Resources */ = {
			isa = PBXResourcesBuildPhase;
			buildActionMask = 2147483647;
			files = (
			);
			runOnlyForDeploymentPostprocessing = 0;
		};
		9F7E158324EE2023008DC681 /* Resources */ = {
			isa = PBXResourcesBuildPhase;
			buildActionMask = 2147483647;
			files = (
			);
			runOnlyForDeploymentPostprocessing = 0;
		};
/* End PBXResourcesBuildPhase section */

/* Begin PBXSourcesBuildPhase section */
		9F7E155B24EE2021008DC681 /* Sources */ = {
			isa = PBXSourcesBuildPhase;
			buildActionMask = 2147483647;
			files = (
				9F7E156A24EE2021008DC681 /* ViewController.m in Sources */,
				9F7E156424EE2021008DC681 /* AppDelegate.m in Sources */,
				9F7E157524EE2023008DC681 /* main.m in Sources */,
				9F7E156724EE2021008DC681 /* SceneDelegate.m in Sources */,
			);
			runOnlyForDeploymentPostprocessing = 0;
		};
		9F7E157624EE2023008DC681 /* Sources */ = {
			isa = PBXSourcesBuildPhase;
			buildActionMask = 2147483647;
			files = (
				9F7E157F24EE2023008DC681 /* SJNavBarTests.m in Sources */,
			);
			runOnlyForDeploymentPostprocessing = 0;
		};
		9F7E158124EE2023008DC681 /* Sources */ = {
			isa = PBXSourcesBuildPhase;
			buildActionMask = 2147483647;
			files = (
				9F7E158A24EE2023008DC681 /* SJNavBarUITests.m in Sources */,
			);
			runOnlyForDeploymentPostprocessing = 0;
		};
/* End PBXSourcesBuildPhase section */

/* Begin PBXTargetDependency section */
		9F7E157C24EE2023008DC681 /* PBXTargetDependency */ = {
			isa = PBXTargetDependency;
			target = 9F7E155E24EE2021008DC681 /* SJNavBar */;
			targetProxy = 9F7E157B24EE2023008DC681 /* PBXContainerItemProxy */;
		};
		9F7E158724EE2023008DC681 /* PBXTargetDependency */ = {
			isa = PBXTargetDependency;
			target = 9F7E155E24EE2021008DC681 /* SJNavBar */;
			targetProxy = 9F7E158624EE2023008DC681 /* PBXContainerItemProxy */;
		};
/* End PBXTargetDependency section */

/* Begin PBXVariantGroup section */
		9F7E156B24EE2021008DC681 /* Main.storyboard */ = {
			isa = PBXVariantGroup;
			children = (
				9F7E156C24EE2021008DC681 /* Base */,
			);
			name = Main.storyboard;
			sourceTree = "<group>";
		};
		9F7E157024EE2023008DC681 /* LaunchScreen.storyboard */ = {
			isa = PBXVariantGroup;
			children = (
				9F7E157124EE2023008DC681 /* Base */,
			);
			name = LaunchScreen.storyboard;
			sourceTree = "<group>";
		};
/* End PBXVariantGroup section */

/* Begin XCBuildConfiguration section */
		9F7E158C24EE2024008DC681 /* Debug */ = {
			isa = XCBuildConfiguration;
			buildSettings = {
				ALWAYS_SEARCH_USER_PATHS = NO;
				CLANG_ANALYZER_NONNULL = YES;
				CLANG_ANALYZER_NUMBER_OBJECT_CONVERSION = YES_AGGRESSIVE;
				CLANG_CXX_LANGUAGE_STANDARD = "gnu++14";
				CLANG_CXX_LIBRARY = "libc++";
				CLANG_ENABLE_MODULES = YES;
				CLANG_ENABLE_OBJC_ARC = YES;
				CLANG_ENABLE_OBJC_WEAK = YES;
				CLANG_WARN_BLOCK_CAPTURE_AUTORELEASING = YES;
				CLANG_WARN_BOOL_CONVERSION = YES;
				CLANG_WARN_COMMA = YES;
				CLANG_WARN_CONSTANT_CONVERSION = YES;
				CLANG_WARN_DEPRECATED_OBJC_IMPLEMENTATIONS = YES;
				CLANG_WARN_DIRECT_OBJC_ISA_USAGE = YES_ERROR;
				CLANG_WARN_DOCUMENTATION_COMMENTS = YES;
				CLANG_WARN_EMPTY_BODY = YES;
				CLANG_WARN_ENUM_CONVERSION = YES;
				CLANG_WARN_INFINITE_RECURSION = YES;
				CLANG_WARN_INT_CONVERSION = YES;
				CLANG_WARN_NON_LITERAL_NULL_CONVERSION = YES;
				CLANG_WARN_OBJC_IMPLICIT_RETAIN_SELF = YES;
				CLANG_WARN_OBJC_LITERAL_CONVERSION = YES;
				CLANG_WARN_OBJC_ROOT_CLASS = YES_ERROR;
				CLANG_WARN_RANGE_LOOP_ANALYSIS = YES;
				CLANG_WARN_STRICT_PROTOTYPES = YES;
				CLANG_WARN_SUSPICIOUS_MOVE = YES;
				CLANG_WARN_UNGUARDED_AVAILABILITY = YES_AGGRESSIVE;
				CLANG_WARN_UNREACHABLE_CODE = YES;
				CLANG_WARN__DUPLICATE_METHOD_MATCH = YES;
				COPY_PHASE_STRIP = NO;
				DEBUG_INFORMATION_FORMAT = dwarf;
				ENABLE_STRICT_OBJC_MSGSEND = YES;
				ENABLE_TESTABILITY = YES;
				GCC_C_LANGUAGE_STANDARD = gnu11;
				GCC_DYNAMIC_NO_PIC = NO;
				GCC_NO_COMMON_BLOCKS = YES;
				GCC_OPTIMIZATION_LEVEL = 0;
				GCC_PREPROCESSOR_DEFINITIONS = (
					"DEBUG=1",
					"$(inherited)",
				);
				GCC_WARN_64_TO_32_BIT_CONVERSION = YES;
				GCC_WARN_ABOUT_RETURN_TYPE = YES_ERROR;
				GCC_WARN_UNDECLARED_SELECTOR = YES;
				GCC_WARN_UNINITIALIZED_AUTOS = YES_AGGRESSIVE;
				GCC_WARN_UNUSED_FUNCTION = YES;
				GCC_WARN_UNUSED_VARIABLE = YES;
				IPHONEOS_DEPLOYMENT_TARGET = 13.6;
				MTL_ENABLE_DEBUG_INFO = INCLUDE_SOURCE;
				MTL_FAST_MATH = YES;
				ONLY_ACTIVE_ARCH = YES;
				SDKROOT = iphoneos;
			};
			name = Debug;
		};
		9F7E158D24EE2024008DC681 /* Release */ = {
			isa = XCBuildConfiguration;
			buildSettings = {
				ALWAYS_SEARCH_USER_PATHS = NO;
				CLANG_ANALYZER_NONNULL = YES;
				CLANG_ANALYZER_NUMBER_OBJECT_CONVERSION = YES_AGGRESSIVE;
				CLANG_CXX_LANGUAGE_STANDARD = "gnu++14";
				CLANG_CXX_LIBRARY = "libc++";
				CLANG_ENABLE_MODULES = YES;
				CLANG_ENABLE_OBJC_ARC = YES;
				CLANG_ENABLE_OBJC_WEAK = YES;
				CLANG_WARN_BLOCK_CAPTURE_AUTORELEASING = YES;
				CLANG_WARN_BOOL_CONVERSION = YES;
				CLANG_WARN_COMMA = YES;
				CLANG_WARN_CONSTANT_CONVERSION = YES;
				CLANG_WARN_DEPRECATED_OBJC_IMPLEMENTATIONS = YES;
				CLANG_WARN_DIRECT_OBJC_ISA_USAGE = YES_ERROR;
				CLANG_WARN_DOCUMENTATION_COMMENTS = YES;
				CLANG_WARN_EMPTY_BODY = YES;
				CLANG_WARN_ENUM_CONVERSION = YES;
				CLANG_WARN_INFINITE_RECURSION = YES;
				CLANG_WARN_INT_CONVERSION = YES;
				CLANG_WARN_NON_LITERAL_NULL_CONVERSION = YES;
				CLANG_WARN_OBJC_IMPLICIT_RETAIN_SELF = YES;
				CLANG_WARN_OBJC_LITERAL_CONVERSION = YES;
				CLANG_WARN_OBJC_ROOT_CLASS = YES_ERROR;
				CLANG_WARN_RANGE_LOOP_ANALYSIS = YES;
				CLANG_WARN_STRICT_PROTOTYPES = YES;
				CLANG_WARN_SUSPICIOUS_MOVE = YES;
				CLANG_WARN_UNGUARDED_AVAILABILITY = YES_AGGRESSIVE;
				CLANG_WARN_UNREACHABLE_CODE = YES;
				CLANG_WARN__DUPLICATE_METHOD_MATCH = YES;
				COPY_PHASE_STRIP = NO;
				DEBUG_INFORMATION_FORMAT = "dwarf-with-dsym";
				ENABLE_NS_ASSERTIONS = NO;
				ENABLE_STRICT_OBJC_MSGSEND = YES;
				GCC_C_LANGUAGE_STANDARD = gnu11;
				GCC_NO_COMMON_BLOCKS = YES;
				GCC_WARN_64_TO_32_BIT_CONVERSION = YES;
				GCC_WARN_ABOUT_RETURN_TYPE = YES_ERROR;
				GCC_WARN_UNDECLARED_SELECTOR = YES;
				GCC_WARN_UNINITIALIZED_AUTOS = YES_AGGRESSIVE;
				GCC_WARN_UNUSED_FUNCTION = YES;
				GCC_WARN_UNUSED_VARIABLE = YES;
				IPHONEOS_DEPLOYMENT_TARGET = 13.6;
				MTL_ENABLE_DEBUG_INFO = NO;
				MTL_FAST_MATH = YES;
				SDKROOT = iphoneos;
				VALIDATE_PRODUCT = YES;
			};
			name = Release;
		};
		9F7E158F24EE2024008DC681 /* Debug */ = {
			isa = XCBuildConfiguration;
			buildSettings = {
				ASSETCATALOG_COMPILER_APPICON_NAME = AppIcon;
				CODE_SIGN_STYLE = Automatic;
				DEVELOPMENT_TEAM = NPKT2Q9UUK;
				INFOPLIST_FILE = SJNavBar/Info.plist;
				LD_RUNPATH_SEARCH_PATHS = (
					"$(inherited)",
					"@executable_path/Frameworks",
				);
				PRODUCT_BUNDLE_IDENTIFIER = com.shenjun.SJNavBar;
				PRODUCT_NAME = "$(TARGET_NAME)";
				TARGETED_DEVICE_FAMILY = "1,2";
			};
			name = Debug;
		};
		9F7E159024EE2024008DC681 /* Release */ = {
			isa = XCBuildConfiguration;
			buildSettings = {
				ASSETCATALOG_COMPILER_APPICON_NAME = AppIcon;
				CODE_SIGN_STYLE = Automatic;
				DEVELOPMENT_TEAM = NPKT2Q9UUK;
				INFOPLIST_FILE = SJNavBar/Info.plist;
				LD_RUNPATH_SEARCH_PATHS = (
					"$(inherited)",
					"@executable_path/Frameworks",
				);
				PRODUCT_BUNDLE_IDENTIFIER = com.shenjun.SJNavBar;
				PRODUCT_NAME = "$(TARGET_NAME)";
				TARGETED_DEVICE_FAMILY = "1,2";
			};
			name = Release;
		};
		9F7E159224EE2024008DC681 /* Debug */ = {
			isa = XCBuildConfiguration;
			buildSettings = {
				BUNDLE_LOADER = "$(TEST_HOST)";
				CODE_SIGN_STYLE = Automatic;
				DEVELOPMENT_TEAM = NPKT2Q9UUK;
				INFOPLIST_FILE = SJNavBarTests/Info.plist;
				IPHONEOS_DEPLOYMENT_TARGET = 13.6;
				LD_RUNPATH_SEARCH_PATHS = (
					"$(inherited)",
					"@executable_path/Frameworks",
					"@loader_path/Frameworks",
				);
				PRODUCT_BUNDLE_IDENTIFIER = com.shenjun.SJNavBarTests;
				PRODUCT_NAME = "$(TARGET_NAME)";
				TARGETED_DEVICE_FAMILY = "1,2";
				TEST_HOST = "$(BUILT_PRODUCTS_DIR)/SJNavBar.app/SJNavBar";
			};
			name = Debug;
		};
		9F7E159324EE2024008DC681 /* Release */ = {
			isa = XCBuildConfiguration;
			buildSettings = {
				BUNDLE_LOADER = "$(TEST_HOST)";
				CODE_SIGN_STYLE = Automatic;
				DEVELOPMENT_TEAM = NPKT2Q9UUK;
				INFOPLIST_FILE = SJNavBarTests/Info.plist;
				IPHONEOS_DEPLOYMENT_TARGET = 13.6;
				LD_RUNPATH_SEARCH_PATHS = (
					"$(inherited)",
					"@executable_path/Frameworks",
					"@loader_path/Frameworks",
				);
				PRODUCT_BUNDLE_IDENTIFIER = com.shenjun.SJNavBarTests;
				PRODUCT_NAME = "$(TARGET_NAME)";
				TARGETED_DEVICE_FAMILY = "1,2";
				TEST_HOST = "$(BUILT_PRODUCTS_DIR)/SJNavBar.app/SJNavBar";
			};
			name = Release;
		};
		9F7E159524EE2024008DC681 /* Debug */ = {
			isa = XCBuildConfiguration;
			buildSettings = {
				CODE_SIGN_STYLE = Automatic;
				DEVELOPMENT_TEAM = NPKT2Q9UUK;
				INFOPLIST_FILE = SJNavBarUITests/Info.plist;
				LD_RUNPATH_SEARCH_PATHS = (
					"$(inherited)",
					"@executable_path/Frameworks",
					"@loader_path/Frameworks",
				);
				PRODUCT_BUNDLE_IDENTIFIER = com.shenjun.SJNavBarUITests;
				PRODUCT_NAME = "$(TARGET_NAME)";
				TARGETED_DEVICE_FAMILY = "1,2";
				TEST_TARGET_NAME = SJNavBar;
			};
			name = Debug;
		};
		9F7E159624EE2024008DC681 /* Release */ = {
			isa = XCBuildConfiguration;
			buildSettings = {
				CODE_SIGN_STYLE = Automatic;
				DEVELOPMENT_TEAM = NPKT2Q9UUK;
				INFOPLIST_FILE = SJNavBarUITests/Info.plist;
				LD_RUNPATH_SEARCH_PATHS = (
					"$(inherited)",
					"@executable_path/Frameworks",
					"@loader_path/Frameworks",
				);
				PRODUCT_BUNDLE_IDENTIFIER = com.shenjun.SJNavBarUITests;
				PRODUCT_NAME = "$(TARGET_NAME)";
				TARGETED_DEVICE_FAMILY = "1,2";
				TEST_TARGET_NAME = SJNavBar;
			};
			name = Release;
		};
/* End XCBuildConfiguration section */

/* Begin XCConfigurationList section */
		9F7E155A24EE2021008DC681 /* Build configuration list for PBXProject "SJNavBar" */ = {
			isa = XCConfigurationList;
			buildConfigurations = (
				9F7E158C24EE2024008DC681 /* Debug */,
				9F7E158D24EE2024008DC681 /* Release */,
			);
			defaultConfigurationIsVisible = 0;
			defaultConfigurationName = Release;
		};
		9F7E158E24EE2024008DC681 /* Build configuration list for PBXNativeTarget "SJNavBar" */ = {
			isa = XCConfigurationList;
			buildConfigurations = (
				9F7E158F24EE2024008DC681 /* Debug */,
				9F7E159024EE2024008DC681 /* Release */,
			);
			defaultConfigurationIsVisible = 0;
			defaultConfigurationName = Release;
		};
		9F7E159124EE2024008DC681 /* Build configuration list for PBXNativeTarget "SJNavBarTests" */ = {
			isa = XCConfigurationList;
			buildConfigurations = (
				9F7E159224EE2024008DC681 /* Debug */,
				9F7E159324EE2024008DC681 /* Release */,
			);
			defaultConfigurationIsVisible = 0;
			defaultConfigurationName = Release;
		};
		9F7E159424EE2024008DC681 /* Build configuration list for PBXNativeTarget "SJNavBarUITests" */ = {
			isa = XCConfigurationList;
			buildConfigurations = (
				9F7E159524EE2024008DC681 /* Debug */,
				9F7E159624EE2024008DC681 /* Release */,
			);
			defaultConfigurationIsVisible = 0;
			defaultConfigurationName = Release;
		};
/* End XCConfigurationList section */
	};
	rootObject = 9F7E155724EE2021008DC681 /* Project object */;
}
